[[package]]
name = "mineager"
version = "0.2.0"
description = "The shard and websocket manager for the Discord bot Minecat."
category = "main"
optional = false
python-versions = "^3.10"
develop = false

[package.dependencies]
websockets = "^10.3"

[package.source]
type = "git"
url = "https://github.com/ooliver1/mineager"
reference = "master"
resolved_reference = "31bf04a7968e7186304b73c7fc98b864ef0a0197"

[[package]]
name = "websockets"
version = "10.3"
description = "An implementation of the WebSocket Protocol (RFC 6455 & 7692)"
category = "main"
optional = false
python-versions = ">=3.7"

[metadata]
lock-version = "1.1"
python-versions = "^3.10"
content-hash = "9bc5cfa8353d3727abaa647cc6fb8267bf7700bae18b46868424b82635cf7fbb"

[metadata.files]
mineager = []
websockets = []
